
Microsoft Visual Studio Solution File, Format Version 12.00
# Visual Studio Version 17
VisualStudioVersion = 17.0.31903.59
MinimumVisualStudioVersion = 10.0.40219.1
Project("{FAE04EC0-301F-11D3-BF4B-00C04F79EFBC}") = "bld.sample", "bld.sample.csproj", "{00EB5385-B78E-476C-A477-FA3466FA09BE}"
EndProject
Global
	GlobalSection(SolutionConfigurationPlatforms) = preSolution
		Debug|Any CPU = Debug|Any CPU
		Release|Any CPU = Release|Any CPU
	EndGlobalSection
	GlobalSection(ProjectConfigurationPlatforms) = postSolution
		{00EB5385-B78E-476C-A477-FA3466FA09BE}.Debug|Any CPU.ActiveCfg = Debug|Any CPU
		{00EB5385-B78E-476C-A477-FA3466FA09BE}.Debug|Any CPU.Build.0 = Debug|Any CPU
		{00EB5385-B78E-476C-A477-FA3466FA09BE}.Release|Any CPU.ActiveCfg = Release|Any CPU
		{00EB5385-B78E-476C-A477-FA3466FA09BE}.Release|Any CPU.Build.0 = Release|Any CPU
	EndGlobalSection
	GlobalSection(SolutionProperties) = preSolution
		HideSolutionNode = FALSE
	EndGlobalSection
	GlobalSection(ExtensibilityGlobals) = postSolution
		SolutionGuid = {70561695-AA83-4790-B9FF-80E109CE032F}
	EndGlobalSection
EndGlobal
